# This file is automatically @generated by Cargo.
# It is not intended for manual editing.
version = 4

[[package]]
name = "fixedbitset"
version = "0.4.2"
source = "registry+https://github.com/rust-lang/crates.io-index"
checksum = "0ce7134b9999ecaf8bcd65542e436736ef32ddca1b3e06094cb6ec5755203b80"

[[package]]
name = "readme-rustdocifier"
version = "0.1.1"
source = "registry+https://github.com/rust-lang/crates.io-index"
checksum = "08ad765b21a08b1a8e5cdce052719188a23772bcbefb3c439f0baaf62c56ceac"

[[package]]
name = "reed-solomon-ffi"
version = "0.1.0"
dependencies = [
 "reed-solomon-simd",
]

[[package]]
name = "reed-solomon-simd"
version = "3.0.1"
source = "registry+https://github.com/rust-lang/crates.io-index"
checksum = "ab6badd4f4b9c93832eb3707431e8e7bea282fae96801312f0990d48b030f8c5"
dependencies = [
 "fixedbitset",
 "readme-rustdocifier",
]
